
Microsoft Visual Studio Solution File, Format Version 12.00
# Visual Studio Version 16
VisualStudioVersion = 16.0.30717.126
MinimumVisualStudioVersion = 10.0.40219.1
Project("{FAE04EC0-301F-11D3-BF4B-00C04F79EFBC}") = "KaiserControls", "KaiserControls\KaiserControls.csproj", "{104A7E26-594E-4621-9AE7-0163BDCDE920}"
EndProject
Global
	GlobalSection(SolutionConfigurationPlatforms) = preSolution
		Debug|Any CPU = Debug|Any CPU
		Release|Any CPU = Release|Any CPU
	EndGlobalSection
	GlobalSection(ProjectConfigurationPlatforms) = postSolution
		{104A7E26-594E-4621-9AE7-0163BDCDE920}.Debug|Any CPU.ActiveCfg = Debug|Any CPU
		{104A7E26-594E-4621-9AE7-0163BDCDE920}.Debug|Any CPU.Build.0 = Debug|Any CPU
		{104A7E26-594E-4621-9AE7-0163BDCDE920}.Release|Any CPU.ActiveCfg = Release|Any CPU
		{104A7E26-594E-4621-9AE7-0163BDCDE920}.Release|Any CPU.Build.0 = Release|Any CPU
	EndGlobalSection
	GlobalSection(SolutionProperties) = preSolution
		HideSolutionNode = FALSE
	EndGlobalSection
	GlobalSection(ExtensibilityGlobals) = postSolution
		SolutionGuid = {C28E0FB8-A5D0-48B8-AA6B-2D4F56524BF2}
	EndGlobalSection
EndGlobal
